
Microsoft Visual Studio Solution File, Format Version 12.00
Project("{2150E333-8FDC-42A3-9474-1A3956D46DE8}") = "src", "src", "{74727440-D413-4932-B4BA-60743A02CCCD}"
EndProject
Project("{2150E333-8FDC-42A3-9474-1A3956D46DE8}") = "tests", "tests", "{F2FA1A7C-2819-431D-A873-A255FC691CEB}"
EndProject
Project("{2150E333-8FDC-42A3-9474-1A3956D46DE8}") = "Services", "Services", "{44CD3747-9417-4E57-A4F2-BD5E5C505C3E}"
EndProject
Project("{2150E333-8FDC-42A3-9474-1A3956D46DE8}") = "Common", "Common", "{85CA05A3-FBC9-44FD-B87A-FCA3F8790384}"
EndProject
Project("{2150E333-8FDC-42A3-9474-1A3956D46DE8}") = "Gateway", "Gateway", "{8DD80979-216E-458E-9FDB-6637909CDE06}"
EndProject
Project("{2150E333-8FDC-42A3-9474-1A3956D46DE8}") = "WebApp", "WebApp", "{EA0247F2-73EC-4BA4-8E20-AD01B6738E59}"
EndProject
Project("{FAE04EC0-301F-11D3-BF4B-00C04F79EFBC}") = "KCloud.Common", "KCloud.Common\KCloud.Common.csproj", "{836FFFD1-5422-423E-985E-5F4FC815D577}"
EndProject
Project("{FAE04EC0-301F-11D3-BF4B-00C04F79EFBC}") = "KCloud.Auth", "KCloud.Auth\KCloud.Auth.csproj", "{A62D0677-5095-4F00-A4AA-4C78C5939F77}"
EndProject
Project("{FAE04EC0-301F-11D3-BF4B-00C04F79EFBC}") = "KCloud.FileMetadata", "KCloud.FileMetadata\KCloud.FileMetadata.csproj", "{334FE113-5337-46C3-BB89-143E26C3ACDE}"
EndProject
Project("{FAE04EC0-301F-11D3-BF4B-00C04F79EFBC}") = "KCloud.FileStorage", "KCloud.FileStorage\KCloud.FileStorage.csproj", "{A4A66FAA-19E8-4FA5-B264-C95662BA1953}"
EndProject
Project("{FAE04EC0-301F-11D3-BF4B-00C04F79EFBC}") = "KCloud.Gateway", "KCloud.Gateway\KCloud.Gateway.csproj", "{3A2E3DE4-993F-4524-9B3C-AFBFAE8500E7}"
EndProject
Project("{FAE04EC0-301F-11D3-BF4B-00C04F79EFBC}") = "KCloud.Web", "KCloud.Web\KCloud.Web.csproj", "{0DCCCDE5-A04C-4A74-87C7-D7821E700663}"
EndProject
Global
	GlobalSection(SolutionConfigurationPlatforms) = preSolution
		Debug|Any CPU = Debug|Any CPU
		Release|Any CPU = Release|Any CPU
	EndGlobalSection
	GlobalSection(NestedProjects) = preSolution
		{44CD3747-9417-4E57-A4F2-BD5E5C505C3E} = {74727440-D413-4932-B4BA-60743A02CCCD}
		{85CA05A3-FBC9-44FD-B87A-FCA3F8790384} = {74727440-D413-4932-B4BA-60743A02CCCD}
		{8DD80979-216E-458E-9FDB-6637909CDE06} = {74727440-D413-4932-B4BA-60743A02CCCD}
		{EA0247F2-73EC-4BA4-8E20-AD01B6738E59} = {74727440-D413-4932-B4BA-60743A02CCCD}
		{836FFFD1-5422-423E-985E-5F4FC815D577} = {85CA05A3-FBC9-44FD-B87A-FCA3F8790384}
		{A62D0677-5095-4F00-A4AA-4C78C5939F77} = {44CD3747-9417-4E57-A4F2-BD5E5C505C3E}
		{334FE113-5337-46C3-BB89-143E26C3ACDE} = {44CD3747-9417-4E57-A4F2-BD5E5C505C3E}
		{A4A66FAA-19E8-4FA5-B264-C95662BA1953} = {44CD3747-9417-4E57-A4F2-BD5E5C505C3E}
		{3A2E3DE4-993F-4524-9B3C-AFBFAE8500E7} = {8DD80979-216E-458E-9FDB-6637909CDE06}
		{0DCCCDE5-A04C-4A74-87C7-D7821E700663} = {EA0247F2-73EC-4BA4-8E20-AD01B6738E59}
	EndGlobalSection
	GlobalSection(ProjectConfigurationPlatforms) = postSolution
		{836FFFD1-5422-423E-985E-5F4FC815D577}.Debug|Any CPU.ActiveCfg = Debug|Any CPU
		{836FFFD1-5422-423E-985E-5F4FC815D577}.Debug|Any CPU.Build.0 = Debug|Any CPU
		{836FFFD1-5422-423E-985E-5F4FC815D577}.Release|Any CPU.ActiveCfg = Release|Any CPU
		{836FFFD1-5422-423E-985E-5F4FC815D577}.Release|Any CPU.Build.0 = Release|Any CPU
		{A62D0677-5095-4F00-A4AA-4C78C5939F77}.Debug|Any CPU.ActiveCfg = Debug|Any CPU
		{A62D0677-5095-4F00-A4AA-4C78C5939F77}.Debug|Any CPU.Build.0 = Debug|Any CPU
		{A62D0677-5095-4F00-A4AA-4C78C5939F77}.Release|Any CPU.ActiveCfg = Release|Any CPU
		{A62D0677-5095-4F00-A4AA-4C78C5939F77}.Release|Any CPU.Build.0 = Release|Any CPU
		{334FE113-5337-46C3-BB89-143E26C3ACDE}.Debug|Any CPU.ActiveCfg = Debug|Any CPU
		{334FE113-5337-46C3-BB89-143E26C3ACDE}.Debug|Any CPU.Build.0 = Debug|Any CPU
		{334FE113-5337-46C3-BB89-143E26C3ACDE}.Release|Any CPU.ActiveCfg = Release|Any CPU
		{334FE113-5337-46C3-BB89-143E26C3ACDE}.Release|Any CPU.Build.0 = Release|Any CPU
		{A4A66FAA-19E8-4FA5-B264-C95662BA1953}.Debug|Any CPU.ActiveCfg = Debug|Any CPU
		{A4A66FAA-19E8-4FA5-B264-C95662BA1953}.Debug|Any CPU.Build.0 = Debug|Any CPU
		{A4A66FAA-19E8-4FA5-B264-C95662BA1953}.Release|Any CPU.ActiveCfg = Release|Any CPU
		{A4A66FAA-19E8-4FA5-B264-C95662BA1953}.Release|Any CPU.Build.0 = Release|Any CPU
		{3A2E3DE4-993F-4524-9B3C-AFBFAE8500E7}.Debug|Any CPU.ActiveCfg = Debug|Any CPU
		{3A2E3DE4-993F-4524-9B3C-AFBFAE8500E7}.Debug|Any CPU.Build.0 = Debug|Any CPU
		{3A2E3DE4-993F-4524-9B3C-AFBFAE8500E7}.Release|Any CPU.ActiveCfg = Release|Any CPU
		{3A2E3DE4-993F-4524-9B3C-AFBFAE8500E7}.Release|Any CPU.Build.0 = Release|Any CPU
		{0DCCCDE5-A04C-4A74-87C7-D7821E700663}.Debug|Any CPU.ActiveCfg = Debug|Any CPU
		{0DCCCDE5-A04C-4A74-87C7-D7821E700663}.Debug|Any CPU.Build.0 = Debug|Any CPU
		{0DCCCDE5-A04C-4A74-87C7-D7821E700663}.Release|Any CPU.ActiveCfg = Release|Any CPU
		{0DCCCDE5-A04C-4A74-87C7-D7821E700663}.Release|Any CPU.Build.0 = Release|Any CPU
	EndGlobalSection
EndGlobal
